
Microsoft Visual Studio Solution File, Format Version 11.00
# Visual Studio 2010
Project("{FAE04EC0-301F-11D3-BF4B-00C04F79EFBC}") = "Oculus.Platform", "Oculus.Platform.csproj", "{81684bfc-2769-9934-10eb-f32e7f2d138e}"
EndProject
Project("{FAE04EC0-301F-11D3-BF4B-00C04F79EFBC}") = "Assembly-CSharp", "Assembly-CSharp.csproj", "{4a2e8896-1cc7-e2d7-9d85-0a8b605dafbc}"
EndProject
Project("{FAE04EC0-301F-11D3-BF4B-00C04F79EFBC}") = "Oculus.Spatializer", "Oculus.Spatializer.csproj", "{d84ca585-4406-626a-8d86-87210e6350e1}"
EndProject
Project("{FAE04EC0-301F-11D3-BF4B-00C04F79EFBC}") = "Facebook.WitAI", "Facebook.WitAI.csproj", "{a01dcee3-0422-e7d0-19b0-e64ea2c28f51}"
EndProject
Project("{FAE04EC0-301F-11D3-BF4B-00C04F79EFBC}") = "Oculus.AudioManager", "Oculus.AudioManager.csproj", "{bbe12de8-6e0a-5673-dbf0-2a26df80be66}"
EndProject
Project("{FAE04EC0-301F-11D3-BF4B-00C04F79EFBC}") = "Oculus.VR", "Oculus.VR.csproj", "{b3f92d3b-45af-9ba1-221b-73014db5b530}"
EndProject
Project("{FAE04EC0-301F-11D3-BF4B-00C04F79EFBC}") = "VoiceSDK.Runtime", "VoiceSDK.Runtime.csproj", "{515bfdc0-b686-458a-da17-331e8b9d6607}"
EndProject
Project("{FAE04EC0-301F-11D3-BF4B-00C04F79EFBC}") = "AssistantCoreSDKRuntime", "AssistantCoreSDKRuntime.csproj", "{fc1c6dd9-9d56-55e7-59be-208abe51d0f5}"
EndProject
Project("{FAE04EC0-301F-11D3-BF4B-00C04F79EFBC}") = "Oculus.LipSync", "Oculus.LipSync.csproj", "{019e97d2-38ce-ab7e-4da7-c2de205ed042}"
EndProject
Project("{FAE04EC0-301F-11D3-BF4B-00C04F79EFBC}") = "Oculus.Platform.Editor", "Oculus.Platform.Editor.csproj", "{ed099c36-37eb-7311-45d3-f1bac0673db0}"
EndProject
Project("{FAE04EC0-301F-11D3-BF4B-00C04F79EFBC}") = "Oculus.AudioManager.Audio.Editor", "Oculus.AudioManager.Audio.Editor.csproj", "{0c5e3660-eb29-adbb-8e00-612648600720}"
EndProject
Project("{FAE04EC0-301F-11D3-BF4B-00C04F79EFBC}") = "Oculus.VR.Scripts.Editor", "Oculus.VR.Scripts.Editor.csproj", "{327f0666-acfa-141a-fd64-ae061f60b2b7}"
EndProject
Project("{FAE04EC0-301F-11D3-BF4B-00C04F79EFBC}") = "Facebook.Wit.Editor", "Facebook.Wit.Editor.csproj", "{be45f745-bd66-1510-3cf8-e14a7b07bbd8}"
EndProject
Project("{FAE04EC0-301F-11D3-BF4B-00C04F79EFBC}") = "Oculus.Spatializer.Editor", "Oculus.Spatializer.Editor.csproj", "{e31f0110-f9f6-1795-22bc-298ae0b1b4dd}"
EndProject
Project("{FAE04EC0-301F-11D3-BF4B-00C04F79EFBC}") = "Oculus.VR.Editor", "Oculus.VR.Editor.csproj", "{1901668a-2ce5-d3c3-94dd-4325941925f5}"
EndProject
Project("{FAE04EC0-301F-11D3-BF4B-00C04F79EFBC}") = "Oculus.LipSync.Editor", "Oculus.LipSync.Editor.csproj", "{d85465ef-93ca-7225-529d-e9808cbd3ad1}"
EndProject
Project("{FAE04EC0-301F-11D3-BF4B-00C04F79EFBC}") = "Assembly-CSharp-Editor", "Assembly-CSharp-Editor.csproj", "{623d3f1e-c40d-a9af-142b-9fb32cd2c559}"
EndProject
Project("{FAE04EC0-301F-11D3-BF4B-00C04F79EFBC}") = "VoiceSDK.Editor", "VoiceSDK.Editor.csproj", "{91ac38bc-9e97-4f10-aadf-28bdbc4f0899}"
EndProject
Project("{FAE04EC0-301F-11D3-BF4B-00C04F79EFBC}") = "AssistantCoreSDKEditor", "AssistantCoreSDKEditor.csproj", "{be79c924-5638-c1b2-14b2-d5d4c5d14339}"
EndProject
Project("{FAE04EC0-301F-11D3-BF4B-00C04F79EFBC}") = "Oculus.AudioManager.Utils.Editor", "Oculus.AudioManager.Utils.Editor.csproj", "{7ef1ac4c-9fbb-5ad0-9234-1c014c89d2e9}"
EndProject
Global
	GlobalSection(SolutionConfigurationPlatforms) = preSolution
		Debug|Any CPU = Debug|Any CPU
		Release|Any CPU = Release|Any CPU
	EndGlobalSection
	GlobalSection(ProjectConfigurationPlatforms) = postSolution
		{81684bfc-2769-9934-10eb-f32e7f2d138e}.Debug|Any CPU.ActiveCfg = Debug|Any CPU
		{81684bfc-2769-9934-10eb-f32e7f2d138e}.Debug|Any CPU.Build.0 = Debug|Any CPU
		{81684bfc-2769-9934-10eb-f32e7f2d138e}.Release|Any CPU.ActiveCfg = Release|Any CPU
		{81684bfc-2769-9934-10eb-f32e7f2d138e}.Release|Any CPU.Build.0 = Release|Any CPU
		{4a2e8896-1cc7-e2d7-9d85-0a8b605dafbc}.Debug|Any CPU.ActiveCfg = Debug|Any CPU
		{4a2e8896-1cc7-e2d7-9d85-0a8b605dafbc}.Debug|Any CPU.Build.0 = Debug|Any CPU
		{4a2e8896-1cc7-e2d7-9d85-0a8b605dafbc}.Release|Any CPU.ActiveCfg = Release|Any CPU
		{4a2e8896-1cc7-e2d7-9d85-0a8b605dafbc}.Release|Any CPU.Build.0 = Release|Any CPU
		{d84ca585-4406-626a-8d86-87210e6350e1}.Debug|Any CPU.ActiveCfg = Debug|Any CPU
		{d84ca585-4406-626a-8d86-87210e6350e1}.Debug|Any CPU.Build.0 = Debug|Any CPU
		{d84ca585-4406-626a-8d86-87210e6350e1}.Release|Any CPU.ActiveCfg = Release|Any CPU
		{d84ca585-4406-626a-8d86-87210e6350e1}.Release|Any CPU.Build.0 = Release|Any CPU
		{a01dcee3-0422-e7d0-19b0-e64ea2c28f51}.Debug|Any CPU.ActiveCfg = Debug|Any CPU
		{a01dcee3-0422-e7d0-19b0-e64ea2c28f51}.Debug|Any CPU.Build.0 = Debug|Any CPU
		{a01dcee3-0422-e7d0-19b0-e64ea2c28f51}.Release|Any CPU.ActiveCfg = Release|Any CPU
		{a01dcee3-0422-e7d0-19b0-e64ea2c28f51}.Release|Any CPU.Build.0 = Release|Any CPU
		{bbe12de8-6e0a-5673-dbf0-2a26df80be66}.Debug|Any CPU.ActiveCfg = Debug|Any CPU
		{bbe12de8-6e0a-5673-dbf0-2a26df80be66}.Debug|Any CPU.Build.0 = Debug|Any CPU
		{bbe12de8-6e0a-5673-dbf0-2a26df80be66}.Release|Any CPU.ActiveCfg = Release|Any CPU
		{bbe12de8-6e0a-5673-dbf0-2a26df80be66}.Release|Any CPU.Build.0 = Release|Any CPU
		{b3f92d3b-45af-9ba1-221b-73014db5b530}.Debug|Any CPU.ActiveCfg = Debug|Any CPU
		{b3f92d3b-45af-9ba1-221b-73014db5b530}.Debug|Any CPU.Build.0 = Debug|Any CPU
		{b3f92d3b-45af-9ba1-221b-73014db5b530}.Release|Any CPU.ActiveCfg = Release|Any CPU
		{b3f92d3b-45af-9ba1-221b-73014db5b530}.Release|Any CPU.Build.0 = Release|Any CPU
		{515bfdc0-b686-458a-da17-331e8b9d6607}.Debug|Any CPU.ActiveCfg = Debug|Any CPU
		{515bfdc0-b686-458a-da17-331e8b9d6607}.Debug|Any CPU.Build.0 = Debug|Any CPU
		{515bfdc0-b686-458a-da17-331e8b9d6607}.Release|Any CPU.ActiveCfg = Release|Any CPU
		{515bfdc0-b686-458a-da17-331e8b9d6607}.Release|Any CPU.Build.0 = Release|Any CPU
		{fc1c6dd9-9d56-55e7-59be-208abe51d0f5}.Debug|Any CPU.ActiveCfg = Debug|Any CPU
		{fc1c6dd9-9d56-55e7-59be-208abe51d0f5}.Debug|Any CPU.Build.0 = Debug|Any CPU
		{fc1c6dd9-9d56-55e7-59be-208abe51d0f5}.Release|Any CPU.ActiveCfg = Release|Any CPU
		{fc1c6dd9-9d56-55e7-59be-208abe51d0f5}.Release|Any CPU.Build.0 = Release|Any CPU
		{019e97d2-38ce-ab7e-4da7-c2de205ed042}.Debug|Any CPU.ActiveCfg = Debug|Any CPU
		{019e97d2-38ce-ab7e-4da7-c2de205ed042}.Debug|Any CPU.Build.0 = Debug|Any CPU
		{019e97d2-38ce-ab7e-4da7-c2de205ed042}.Release|Any CPU.ActiveCfg = Release|Any CPU
		{019e97d2-38ce-ab7e-4da7-c2de205ed042}.Release|Any CPU.Build.0 = Release|Any CPU
		{ed099c36-37eb-7311-45d3-f1bac0673db0}.Debug|Any CPU.ActiveCfg = Debug|Any CPU
		{ed099c36-37eb-7311-45d3-f1bac0673db0}.Debug|Any CPU.Build.0 = Debug|Any CPU
		{ed099c36-37eb-7311-45d3-f1bac0673db0}.Release|Any CPU.ActiveCfg = Release|Any CPU
		{ed099c36-37eb-7311-45d3-f1bac0673db0}.Release|Any CPU.Build.0 = Release|Any CPU
		{0c5e3660-eb29-adbb-8e00-612648600720}.Debug|Any CPU.ActiveCfg = Debug|Any CPU
		{0c5e3660-eb29-adbb-8e00-612648600720}.Debug|Any CPU.Build.0 = Debug|Any CPU
		{0c5e3660-eb29-adbb-8e00-612648600720}.Release|Any CPU.ActiveCfg = Release|Any CPU
		{0c5e3660-eb29-adbb-8e00-612648600720}.Release|Any CPU.Build.0 = Release|Any CPU
		{327f0666-acfa-141a-fd64-ae061f60b2b7}.Debug|Any CPU.ActiveCfg = Debug|Any CPU
		{327f0666-acfa-141a-fd64-ae061f60b2b7}.Debug|Any CPU.Build.0 = Debug|Any CPU
		{327f0666-acfa-141a-fd64-ae061f60b2b7}.Release|Any CPU.ActiveCfg = Release|Any CPU
		{327f0666-acfa-141a-fd64-ae061f60b2b7}.Release|Any CPU.Build.0 = Release|Any CPU
		{be45f745-bd66-1510-3cf8-e14a7b07bbd8}.Debug|Any CPU.ActiveCfg = Debug|Any CPU
		{be45f745-bd66-1510-3cf8-e14a7b07bbd8}.Debug|Any CPU.Build.0 = Debug|Any CPU
		{be45f745-bd66-1510-3cf8-e14a7b07bbd8}.Release|Any CPU.ActiveCfg = Release|Any CPU
		{be45f745-bd66-1510-3cf8-e14a7b07bbd8}.Release|Any CPU.Build.0 = Release|Any CPU
		{e31f0110-f9f6-1795-22bc-298ae0b1b4dd}.Debug|Any CPU.ActiveCfg = Debug|Any CPU
		{e31f0110-f9f6-1795-22bc-298ae0b1b4dd}.Debug|Any CPU.Build.0 = Debug|Any CPU
		{e31f0110-f9f6-1795-22bc-298ae0b1b4dd}.Release|Any CPU.ActiveCfg = Release|Any CPU
		{e31f0110-f9f6-1795-22bc-298ae0b1b4dd}.Release|Any CPU.Build.0 = Release|Any CPU
		{1901668a-2ce5-d3c3-94dd-4325941925f5}.Debug|Any CPU.ActiveCfg = Debug|Any CPU
		{1901668a-2ce5-d3c3-94dd-4325941925f5}.Debug|Any CPU.Build.0 = Debug|Any CPU
		{1901668a-2ce5-d3c3-94dd-4325941925f5}.Release|Any CPU.ActiveCfg = Release|Any CPU
		{1901668a-2ce5-d3c3-94dd-4325941925f5}.Release|Any CPU.Build.0 = Release|Any CPU
		{d85465ef-93ca-7225-529d-e9808cbd3ad1}.Debug|Any CPU.ActiveCfg = Debug|Any CPU
		{d85465ef-93ca-7225-529d-e9808cbd3ad1}.Debug|Any CPU.Build.0 = Debug|Any CPU
		{d85465ef-93ca-7225-529d-e9808cbd3ad1}.Release|Any CPU.ActiveCfg = Release|Any CPU
		{d85465ef-93ca-7225-529d-e9808cbd3ad1}.Release|Any CPU.Build.0 = Release|Any CPU
		{623d3f1e-c40d-a9af-142b-9fb32cd2c559}.Debug|Any CPU.ActiveCfg = Debug|Any CPU
		{623d3f1e-c40d-a9af-142b-9fb32cd2c559}.Debug|Any CPU.Build.0 = Debug|Any CPU
		{623d3f1e-c40d-a9af-142b-9fb32cd2c559}.Release|Any CPU.ActiveCfg = Release|Any CPU
		{623d3f1e-c40d-a9af-142b-9fb32cd2c559}.Release|Any CPU.Build.0 = Release|Any CPU
		{91ac38bc-9e97-4f10-aadf-28bdbc4f0899}.Debug|Any CPU.ActiveCfg = Debug|Any CPU
		{91ac38bc-9e97-4f10-aadf-28bdbc4f0899}.Debug|Any CPU.Build.0 = Debug|Any CPU
		{91ac38bc-9e97-4f10-aadf-28bdbc4f0899}.Release|Any CPU.ActiveCfg = Release|Any CPU
		{91ac38bc-9e97-4f10-aadf-28bdbc4f0899}.Release|Any CPU.Build.0 = Release|Any CPU
		{be79c924-5638-c1b2-14b2-d5d4c5d14339}.Debug|Any CPU.ActiveCfg = Debug|Any CPU
		{be79c924-5638-c1b2-14b2-d5d4c5d14339}.Debug|Any CPU.Build.0 = Debug|Any CPU
		{be79c924-5638-c1b2-14b2-d5d4c5d14339}.Release|Any CPU.ActiveCfg = Release|Any CPU
		{be79c924-5638-c1b2-14b2-d5d4c5d14339}.Release|Any CPU.Build.0 = Release|Any CPU
		{7ef1ac4c-9fbb-5ad0-9234-1c014c89d2e9}.Debug|Any CPU.ActiveCfg = Debug|Any CPU
		{7ef1ac4c-9fbb-5ad0-9234-1c014c89d2e9}.Debug|Any CPU.Build.0 = Debug|Any CPU
		{7ef1ac4c-9fbb-5ad0-9234-1c014c89d2e9}.Release|Any CPU.ActiveCfg = Release|Any CPU
		{7ef1ac4c-9fbb-5ad0-9234-1c014c89d2e9}.Release|Any CPU.Build.0 = Release|Any CPU
	EndGlobalSection
	GlobalSection(SolutionProperties) = preSolution
		HideSolutionNode = FALSE
	EndGlobalSection
EndGlobal
